// !$*UTF8*$!
{
	archiveVersion = 1;
	classes = {
	};
	objectVersion = 46;
	objects = {

/* Begin PBXBuildFile section */
		350FDED51E1B702D003A484A /* PeopleDetailNormalEditTableViewCell.m in Sources */ = {isa = PBXBuildFile; fileRef = 350FDED41E1B702D003A484A /* PeopleDetailNormalEditTableViewCell.m */; };
		3572B18E1E14A28B00521111 /* AppDelegate.m in Sources */ = {isa = PBXBuildFile; fileRef = 3572B17E1E14A28B00521111 /* AppDelegate.m */; };
		3572B18F1E14A28B00521111 /* Assets.xcassets in Resources */ = {isa = PBXBuildFile; fileRef = 3572B17F1E14A28B00521111 /* Assets.xcassets */; };
		3572B1901E14A28B00521111 /* LaunchScreen.storyboard in Resources */ = {isa = PBXBuildFile; fileRef = 3572B1801E14A28B00521111 /* LaunchScreen.storyboard */; };
		3572B19F1E14A34900521111 /* TodayViewController.m in Sources */ = {isa = PBXBuildFile; fileRef = 3572B19E1E14A34900521111 /* TodayViewController.m */; };
		3572B1AB1E14B14C00521111 /* LeftViewController.m in Sources */ = {isa = PBXBuildFile; fileRef = 3572B1A81E14B14C00521111 /* LeftViewController.m */; };
		3572B1B11E14B15700521111 /* JASidePanelController.m in Sources */ = {isa = PBXBuildFile; fileRef = 3572B1AE1E14B15700521111 /* JASidePanelController.m */; };
		3572B1B21E14B15700521111 /* UIViewController+JASidePanel.m in Sources */ = {isa = PBXBuildFile; fileRef = 3572B1B01E14B15700521111 /* UIViewController+JASidePanel.m */; };
		3572B1B51E14B1D900521111 /* LeftTableViewCell.m in Sources */ = {isa = PBXBuildFile; fileRef = 3572B1B41E14B1D900521111 /* LeftTableViewCell.m */; };
		3572B1B81E14BE9F00521111 /* LeftHeadView.m in Sources */ = {isa = PBXBuildFile; fileRef = 3572B1B71E14BE9F00521111 /* LeftHeadView.m */; };
		3572B1BB1E14DAE500521111 /* SidePanelViewController.m in Sources */ = {isa = PBXBuildFile; fileRef = 3572B1BA1E14DAE500521111 /* SidePanelViewController.m */; };
		3572B1C11E14DBFD00521111 /* YYFPSLabel.m in Sources */ = {isa = PBXBuildFile; fileRef = 3572B1BE1E14DBFD00521111 /* YYFPSLabel.m */; };
		3572B1C21E14DBFD00521111 /* YYWeakProxy.m in Sources */ = {isa = PBXBuildFile; fileRef = 3572B1C01E14DBFD00521111 /* YYWeakProxy.m */; };
		3572B1C51E14DC8400521111 /* ToNavigationController.m in Sources */ = {isa = PBXBuildFile; fileRef = 3572B1C41E14DC8400521111 /* ToNavigationController.m */; };
		3572B1C81E14DEDD00521111 /* UIColor+Hex.m in Sources */ = {isa = PBXBuildFile; fileRef = 3572B1C71E14DEDD00521111 /* UIColor+Hex.m */; };
		3572B1CF1E15015300521111 /* UserModel.m in Sources */ = {isa = PBXBuildFile; fileRef = 3572B1CE1E15015300521111 /* UserModel.m */; };
		3572B1D21E15017300521111 /* TitleModel.m in Sources */ = {isa = PBXBuildFile; fileRef = 3572B1D11E15017300521111 /* TitleModel.m */; };
		3572B1D51E1501A700521111 /* EventModel.m in Sources */ = {isa = PBXBuildFile; fileRef = 3572B1D41E1501A700521111 /* EventModel.m */; };
		3572B1D71E15037C00521111 /* CoreData.framework in Frameworks */ = {isa = PBXBuildFile; fileRef = 3572B1D61E15037C00521111 /* CoreData.framework */; };
		3572B1DD1E15087700521111 /* Model.xcdatamodeld in Sources */ = {isa = PBXBuildFile; fileRef = 3572B1DB1E15087700521111 /* Model.xcdatamodeld */; };
		3572B1EC1E1514D000521111 /* UserGroup.m in Sources */ = {isa = PBXBuildFile; fileRef = 3572B1EB1E1514D000521111 /* UserGroup.m */; };
		3572B1EF1E15153600521111 /* UserManager.m in Sources */ = {isa = PBXBuildFile; fileRef = 3572B1EE1E15153600521111 /* UserManager.m */; };
		357915591E163C8A005C0F0A /* PeopleListViewController.m in Sources */ = {isa = PBXBuildFile; fileRef = 3579154E1E163C8A005C0F0A /* PeopleListViewController.m */; };
		3579155A1E163C8A005C0F0A /* PeopleListDatamanager.m in Sources */ = {isa = PBXBuildFile; fileRef = 357915511E163C8A005C0F0A /* PeopleListDatamanager.m */; };
		3579155B1E163C8A005C0F0A /* PeopleListTableViewCell.m in Sources */ = {isa = PBXBuildFile; fileRef = 357915541E163C8A005C0F0A /* PeopleListTableViewCell.m */; };
		3579155E1E163CA5005C0F0A /* PeopleAddViewController.m in Sources */ = {isa = PBXBuildFile; fileRef = 3579155D1E163CA5005C0F0A /* PeopleAddViewController.m */; };
		357915651E16457E005C0F0A /* PeopleDetailController.m in Sources */ = {isa = PBXBuildFile; fileRef = 357915641E16457E005C0F0A /* PeopleDetailController.m */; };
		357915681E164703005C0F0A /* PeopleDetailNormalTableViewCell.m in Sources */ = {isa = PBXBuildFile; fileRef = 357915671E164703005C0F0A /* PeopleDetailNormalTableViewCell.m */; };
		3579156B1E1647B3005C0F0A /* PeopleDetailDataManager.m in Sources */ = {isa = PBXBuildFile; fileRef = 3579156A1E1647B3005C0F0A /* PeopleDetailDataManager.m */; };
		3579156E1E1648C2005C0F0A /* PeopleDetailInfoModel.m in Sources */ = {isa = PBXBuildFile; fileRef = 3579156D1E1648C2005C0F0A /* PeopleDetailInfoModel.m */; };
		357915741E1657B4005C0F0A /* PeopleDetailSectionView.m in Sources */ = {isa = PBXBuildFile; fileRef = 357915731E1657B4005C0F0A /* PeopleDetailSectionView.m */; };
		357915771E166012005C0F0A /* PeopleDetailHeadView.m in Sources */ = {isa = PBXBuildFile; fileRef = 357915761E166012005C0F0A /* PeopleDetailHeadView.m */; };
		359BE1161E1CD67700CFCA55 /* PeopleDetailThingManager.m in Sources */ = {isa = PBXBuildFile; fileRef = 359BE1151E1CD67700CFCA55 /* PeopleDetailThingManager.m */; };
		35A89CE61E13B92100E2410A /* main.m in Sources */ = {isa = PBXBuildFile; fileRef = 35A89CE51E13B92100E2410A /* main.m */; };
		35B5954B1E1BAD100013B366 /* TagModel.m in Sources */ = {isa = PBXBuildFile; fileRef = 35B5954A1E1BAD100013B366 /* TagModel.m */; };
		35B5954E1E1BC0480013B366 /* PeopleDetailTagManager.m in Sources */ = {isa = PBXBuildFile; fileRef = 35B5954D1E1BC0480013B366 /* PeopleDetailTagManager.m */; };
		35B595511E1BC5480013B366 /* PeopleDetailTagCell.m in Sources */ = {isa = PBXBuildFile; fileRef = 35B595501E1BC5480013B366 /* PeopleDetailTagCell.m */; };
		35B595541E1BCDB20013B366 /* PeopleDetailThingTableViewCell.m in Sources */ = {isa = PBXBuildFile; fileRef = 35B595531E1BCDB20013B366 /* PeopleDetailThingTableViewCell.m */; };
		35B595571E1BCEE20013B366 /* ThingModel.m in Sources */ = {isa = PBXBuildFile; fileRef = 35B595561E1BCEE20013B366 /* ThingModel.m */; };
		386BC0B1104AF437AB282375 /* Pods_To.framework in Frameworks */ = {isa = PBXBuildFile; fileRef = 8BE10E152DAB51DF8A88BFE6 /* Pods_To.framework */; };
/* End PBXBuildFile section */

/* Begin PBXFileReference section */
		350FDED31E1B702D003A484A /* PeopleDetailNormalEditTableViewCell.h */ = {isa = PBXFileReference; fileEncoding = 4; lastKnownFileType = sourcecode.c.h; path = PeopleDetailNormalEditTableViewCell.h; sourceTree = "<group>"; };
		350FDED41E1B702D003A484A /* PeopleDetailNormalEditTableViewCell.m */ = {isa = PBXFileReference; fileEncoding = 4; lastKnownFileType = sourcecode.c.objc; path = PeopleDetailNormalEditTableViewCell.m; sourceTree = "<group>"; };
		3572B17D1E14A28B00521111 /* AppDelegate.h */ = {isa = PBXFileReference; fileEncoding = 4; lastKnownFileType = sourcecode.c.h; path = AppDelegate.h; sourceTree = "<group>"; };
		3572B17E1E14A28B00521111 /* AppDelegate.m */ = {isa = PBXFileReference; fileEncoding = 4; lastKnownFileType = sourcecode.c.objc; path = AppDelegate.m; sourceTree = "<group>"; };
		3572B17F1E14A28B00521111 /* Assets.xcassets */ = {isa = PBXFileReference; lastKnownFileType = folder.assetcatalog; path = Assets.xcassets; sourceTree = "<group>"; };
		3572B1811E14A28B00521111 /* Base */ = {isa = PBXFileReference; lastKnownFileType = file.storyboard; name = Base; path = Base.lproj/LaunchScreen.storyboard; sourceTree = "<group>"; };
		3572B19D1E14A34900521111 /* TodayViewController.h */ = {isa = PBXFileReference; fileEncoding = 4; lastKnownFileType = sourcecode.c.h; path = TodayViewController.h; sourceTree = "<group>"; };
		3572B19E1E14A34900521111 /* TodayViewController.m */ = {isa = PBXFileReference; fileEncoding = 4; lastKnownFileType = sourcecode.c.objc; path = TodayViewController.m; sourceTree = "<group>"; };
		3572B1A31E14B05200521111 /* Photos.framework */ = {isa = PBXFileReference; lastKnownFileType = wrapper.framework; name = Photos.framework; path = System/Library/Frameworks/Photos.framework; sourceTree = SDKROOT; };
		3572B1A71E14B14C00521111 /* LeftViewController.h */ = {isa = PBXFileReference; fileEncoding = 4; lastKnownFileType = sourcecode.c.h; path = LeftViewController.h; sourceTree = "<group>"; };
		3572B1A81E14B14C00521111 /* LeftViewController.m */ = {isa = PBXFileReference; fileEncoding = 4; lastKnownFileType = sourcecode.c.objc; path = LeftViewController.m; sourceTree = "<group>"; };
		3572B1AD1E14B15700521111 /* JASidePanelController.h */ = {isa = PBXFileReference; fileEncoding = 4; lastKnownFileType = sourcecode.c.h; path = JASidePanelController.h; sourceTree = "<group>"; };
		3572B1AE1E14B15700521111 /* JASidePanelController.m */ = {isa = PBXFileReference; fileEncoding = 4; lastKnownFileType = sourcecode.c.objc; path = JASidePanelController.m; sourceTree = "<group>"; };
		3572B1AF1E14B15700521111 /* UIViewController+JASidePanel.h */ = {isa = PBXFileReference; fileEncoding = 4; lastKnownFileType = sourcecode.c.h; path = "UIViewController+JASidePanel.h"; sourceTree = "<group>"; };
		3572B1B01E14B15700521111 /* UIViewController+JASidePanel.m */ = {isa = PBXFileReference; fileEncoding = 4; lastKnownFileType = sourcecode.c.objc; path = "UIViewController+JASidePanel.m"; sourceTree = "<group>"; };
		3572B1B31E14B1D900521111 /* LeftTableViewCell.h */ = {isa = PBXFileReference; fileEncoding = 4; lastKnownFileType = sourcecode.c.h; path = LeftTableViewCell.h; sourceTree = "<group>"; };
		3572B1B41E14B1D900521111 /* LeftTableViewCell.m */ = {isa = PBXFileReference; fileEncoding = 4; lastKnownFileType = sourcecode.c.objc; path = LeftTableViewCell.m; sourceTree = "<group>"; };
		3572B1B61E14BE9F00521111 /* LeftHeadView.h */ = {isa = PBXFileReference; fileEncoding = 4; lastKnownFileType = sourcecode.c.h; path = LeftHeadView.h; sourceTree = "<group>"; };
		3572B1B71E14BE9F00521111 /* LeftHeadView.m */ = {isa = PBXFileReference; fileEncoding = 4; lastKnownFileType = sourcecode.c.objc; path = LeftHeadView.m; sourceTree = "<group>"; };
		3572B1B91E14DAE500521111 /* SidePanelViewController.h */ = {isa = PBXFileReference; fileEncoding = 4; lastKnownFileType = sourcecode.c.h; path = SidePanelViewController.h; sourceTree = "<group>"; };
		3572B1BA1E14DAE500521111 /* SidePanelViewController.m */ = {isa = PBXFileReference; fileEncoding = 4; lastKnownFileType = sourcecode.c.objc; path = SidePanelViewController.m; sourceTree = "<group>"; };
		3572B1BD1E14DBFD00521111 /* YYFPSLabel.h */ = {isa = PBXFileReference; fileEncoding = 4; lastKnownFileType = sourcecode.c.h; path = YYFPSLabel.h; sourceTree = "<group>"; };
		3572B1BE1E14DBFD00521111 /* YYFPSLabel.m */ = {isa = PBXFileReference; fileEncoding = 4; lastKnownFileType = sourcecode.c.objc; path = YYFPSLabel.m; sourceTree = "<group>"; };
		3572B1BF1E14DBFD00521111 /* YYWeakProxy.h */ = {isa = PBXFileReference; fileEncoding = 4; lastKnownFileType = sourcecode.c.h; path = YYWeakProxy.h; sourceTree = "<group>"; };
		3572B1C01E14DBFD00521111 /* YYWeakProxy.m */ = {isa = PBXFileReference; fileEncoding = 4; lastKnownFileType = sourcecode.c.objc; path = YYWeakProxy.m; sourceTree = "<group>"; };
		3572B1C31E14DC8400521111 /* ToNavigationController.h */ = {isa = PBXFileReference; fileEncoding = 4; lastKnownFileType = sourcecode.c.h; path = ToNavigationController.h; sourceTree = "<group>"; };
		3572B1C41E14DC8400521111 /* ToNavigationController.m */ = {isa = PBXFileReference; fileEncoding = 4; lastKnownFileType = sourcecode.c.objc; path = ToNavigationController.m; sourceTree = "<group>"; };
		3572B1C61E14DEDD00521111 /* UIColor+Hex.h */ = {isa = PBXFileReference; fileEncoding = 4; lastKnownFileType = sourcecode.c.h; path = "UIColor+Hex.h"; sourceTree = "<group>"; };
		3572B1C71E14DEDD00521111 /* UIColor+Hex.m */ = {isa = PBXFileReference; fileEncoding = 4; lastKnownFileType = sourcecode.c.objc; path = "UIColor+Hex.m"; sourceTree = "<group>"; };
		3572B1CD1E15015300521111 /* UserModel.h */ = {isa = PBXFileReference; fileEncoding = 4; lastKnownFileType = sourcecode.c.h; path = UserModel.h; sourceTree = "<group>"; };
		3572B1CE1E15015300521111 /* UserModel.m */ = {isa = PBXFileReference; fileEncoding = 4; lastKnownFileType = sourcecode.c.objc; path = UserModel.m; sourceTree = "<group>"; };
		3572B1D01E15017300521111 /* TitleModel.h */ = {isa = PBXFileReference; fileEncoding = 4; lastKnownFileType = sourcecode.c.h; path = TitleModel.h; sourceTree = "<group>"; };
		3572B1D11E15017300521111 /* TitleModel.m */ = {isa = PBXFileReference; fileEncoding = 4; lastKnownFileType = sourcecode.c.objc; path = TitleModel.m; sourceTree = "<group>"; };
		3572B1D31E1501A700521111 /* EventModel.h */ = {isa = PBXFileReference; fileEncoding = 4; lastKnownFileType = sourcecode.c.h; path = EventModel.h; sourceTree = "<group>"; };
		3572B1D41E1501A700521111 /* EventModel.m */ = {isa = PBXFileReference; fileEncoding = 4; lastKnownFileType = sourcecode.c.objc; path = EventModel.m; sourceTree = "<group>"; };
		3572B1D61E15037C00521111 /* CoreData.framework */ = {isa = PBXFileReference; lastKnownFileType = wrapper.framework; name = CoreData.framework; path = System/Library/Frameworks/CoreData.framework; sourceTree = SDKROOT; };
		3572B1DC1E15087700521111 /* Model.xcdatamodel */ = {isa = PBXFileReference; lastKnownFileType = wrapper.xcdatamodel; path = Model.xcdatamodel; sourceTree = "<group>"; };
		3572B1EA1E1514D000521111 /* UserGroup.h */ = {isa = PBXFileReference; fileEncoding = 4; lastKnownFileType = sourcecode.c.h; path = UserGroup.h; sourceTree = "<group>"; };
		3572B1EB1E1514D000521111 /* UserGroup.m */ = {isa = PBXFileReference; fileEncoding = 4; lastKnownFileType = sourcecode.c.objc; path = UserGroup.m; sourceTree = "<group>"; };
		3572B1ED1E15153600521111 /* UserManager.h */ = {isa = PBXFileReference; fileEncoding = 4; lastKnownFileType = sourcecode.c.h; path = UserManager.h; sourceTree = "<group>"; };
		3572B1EE1E15153600521111 /* UserManager.m */ = {isa = PBXFileReference; fileEncoding = 4; lastKnownFileType = sourcecode.c.objc; path = UserManager.m; sourceTree = "<group>"; };
		3579154D1E163C8A005C0F0A /* PeopleListViewController.h */ = {isa = PBXFileReference; fileEncoding = 4; lastKnownFileType = sourcecode.c.h; path = PeopleListViewController.h; sourceTree = "<group>"; };
		3579154E1E163C8A005C0F0A /* PeopleListViewController.m */ = {isa = PBXFileReference; fileEncoding = 4; lastKnownFileType = sourcecode.c.objc; path = PeopleListViewController.m; sourceTree = "<group>"; };
		357915501E163C8A005C0F0A /* PeopleListDatamanager.h */ = {isa = PBXFileReference; fileEncoding = 4; lastKnownFileType = sourcecode.c.h; path = PeopleListDatamanager.h; sourceTree = "<group>"; };
		357915511E163C8A005C0F0A /* PeopleListDatamanager.m */ = {isa = PBXFileReference; fileEncoding = 4; lastKnownFileType = sourcecode.c.objc; path = PeopleListDatamanager.m; sourceTree = "<group>"; };
		357915531E163C8A005C0F0A /* PeopleListTableViewCell.h */ = {isa = PBXFileReference; fileEncoding = 4; lastKnownFileType = sourcecode.c.h; path = PeopleListTableViewCell.h; sourceTree = "<group>"; };
		357915541E163C8A005C0F0A /* PeopleListTableViewCell.m */ = {isa = PBXFileReference; fileEncoding = 4; lastKnownFileType = sourcecode.c.objc; path = PeopleListTableViewCell.m; sourceTree = "<group>"; };
		3579155C1E163CA5005C0F0A /* PeopleAddViewController.h */ = {isa = PBXFileReference; fileEncoding = 4; lastKnownFileType = sourcecode.c.h; path = PeopleAddViewController.h; sourceTree = "<group>"; };
		3579155D1E163CA5005C0F0A /* PeopleAddViewController.m */ = {isa = PBXFileReference; fileEncoding = 4; lastKnownFileType = sourcecode.c.objc; path = PeopleAddViewController.m; sourceTree = "<group>"; };
		357915631E16457E005C0F0A /* PeopleDetailController.h */ = {isa = PBXFileReference; fileEncoding = 4; lastKnownFileType = sourcecode.c.h; path = PeopleDetailController.h; sourceTree = "<group>"; };
		357915641E16457E005C0F0A /* PeopleDetailController.m */ = {isa = PBXFileReference; fileEncoding = 4; lastKnownFileType = sourcecode.c.objc; path = PeopleDetailController.m; sourceTree = "<group>"; };
		357915661E164703005C0F0A /* PeopleDetailNormalTableViewCell.h */ = {isa = PBXFileReference; fileEncoding = 4; lastKnownFileType = sourcecode.c.h; path = PeopleDetailNormalTableViewCell.h; sourceTree = "<group>"; };
		357915671E164703005C0F0A /* PeopleDetailNormalTableViewCell.m */ = {isa = PBXFileReference; fileEncoding = 4; lastKnownFileType = sourcecode.c.objc; path = PeopleDetailNormalTableViewCell.m; sourceTree = "<group>"; };
		357915691E1647B3005C0F0A /* PeopleDetailDataManager.h */ = {isa = PBXFileReference; fileEncoding = 4; lastKnownFileType = sourcecode.c.h; path = PeopleDetailDataManager.h; sourceTree = "<group>"; };
		3579156A1E1647B3005C0F0A /* PeopleDetailDataManager.m */ = {isa = PBXFileReference; fileEncoding = 4; lastKnownFileType = sourcecode.c.objc; path = PeopleDetailDataManager.m; sourceTree = "<group>"; };
		3579156C1E1648C2005C0F0A /* PeopleDetailInfoModel.h */ = {isa = PBXFileReference; fileEncoding = 4; lastKnownFileType = sourcecode.c.h; path = PeopleDetailInfoModel.h; sourceTree = "<group>"; };
		3579156D1E1648C2005C0F0A /* PeopleDetailInfoModel.m */ = {isa = PBXFileReference; fileEncoding = 4; lastKnownFileType = sourcecode.c.objc; path = PeopleDetailInfoModel.m; sourceTree = "<group>"; };
		357915701E165228005C0F0A /* PingFang-SC-UltraLight.ttf */ = {isa = PBXFileReference; lastKnownFileType = file; path = "PingFang-SC-UltraLight.ttf"; sourceTree = "<group>"; };
		357915711E16535C005C0F0A /* 苹方 细体.ttf */ = {isa = PBXFileReference; lastKnownFileType = file; path = "苹方 细体.ttf"; sourceTree = "<group>"; };
		357915721E1657B4005C0F0A /* PeopleDetailSectionView.h */ = {isa = PBXFileReference; fileEncoding = 4; lastKnownFileType = sourcecode.c.h; path = PeopleDetailSectionView.h; sourceTree = "<group>"; };
		357915731E1657B4005C0F0A /* PeopleDetailSectionView.m */ = {isa = PBXFileReference; fileEncoding = 4; lastKnownFileType = sourcecode.c.objc; path = PeopleDetailSectionView.m; sourceTree = "<group>"; };
		357915751E166012005C0F0A /* PeopleDetailHeadView.h */ = {isa = PBXFileReference; fileEncoding = 4; lastKnownFileType = sourcecode.c.h; path = PeopleDetailHeadView.h; sourceTree = "<group>"; };
		357915761E166012005C0F0A /* PeopleDetailHeadView.m */ = {isa = PBXFileReference; fileEncoding = 4; lastKnownFileType = sourcecode.c.objc; path = PeopleDetailHeadView.m; sourceTree = "<group>"; };
		359BE1141E1CD67700CFCA55 /* PeopleDetailThingManager.h */ = {isa = PBXFileReference; fileEncoding = 4; lastKnownFileType = sourcecode.c.h; path = PeopleDetailThingManager.h; sourceTree = "<group>"; };
		359BE1151E1CD67700CFCA55 /* PeopleDetailThingManager.m */ = {isa = PBXFileReference; fileEncoding = 4; lastKnownFileType = sourcecode.c.objc; path = PeopleDetailThingManager.m; sourceTree = "<group>"; };
		35A89CE11E13B92100E2410A /* To.app */ = {isa = PBXFileReference; explicitFileType = wrapper.application; includeInIndex = 0; path = To.app; sourceTree = BUILT_PRODUCTS_DIR; };
		35A89CE51E13B92100E2410A /* main.m */ = {isa = PBXFileReference; lastKnownFileType = sourcecode.c.objc; path = main.m; sourceTree = "<group>"; };
		35A89CF51E13B92100E2410A /* Info.plist */ = {isa = PBXFileReference; lastKnownFileType = text.plist.xml; path = Info.plist; sourceTree = "<group>"; };
		35B595491E1BAD100013B366 /* TagModel.h */ = {isa = PBXFileReference; fileEncoding = 4; lastKnownFileType = sourcecode.c.h; path = TagModel.h; sourceTree = "<group>"; };
		35B5954A1E1BAD100013B366 /* TagModel.m */ = {isa = PBXFileReference; fileEncoding = 4; lastKnownFileType = sourcecode.c.objc; path = TagModel.m; sourceTree = "<group>"; };
		35B5954C1E1BC0480013B366 /* PeopleDetailTagManager.h */ = {isa = PBXFileReference; fileEncoding = 4; lastKnownFileType = sourcecode.c.h; path = PeopleDetailTagManager.h; sourceTree = "<group>"; };
		35B5954D1E1BC0480013B366 /* PeopleDetailTagManager.m */ = {isa = PBXFileReference; fileEncoding = 4; lastKnownFileType = sourcecode.c.objc; path = PeopleDetailTagManager.m; sourceTree = "<group>"; };
		35B5954F1E1BC5480013B366 /* PeopleDetailTagCell.h */ = {isa = PBXFileReference; fileEncoding = 4; lastKnownFileType = sourcecode.c.h; path = PeopleDetailTagCell.h; sourceTree = "<group>"; };
		35B595501E1BC5480013B366 /* PeopleDetailTagCell.m */ = {isa = PBXFileReference; fileEncoding = 4; lastKnownFileType = sourcecode.c.objc; path = PeopleDetailTagCell.m; sourceTree = "<group>"; };
		35B595521E1BCDB20013B366 /* PeopleDetailThingTableViewCell.h */ = {isa = PBXFileReference; fileEncoding = 4; lastKnownFileType = sourcecode.c.h; path = PeopleDetailThingTableViewCell.h; sourceTree = "<group>"; };
		35B595531E1BCDB20013B366 /* PeopleDetailThingTableViewCell.m */ = {isa = PBXFileReference; fileEncoding = 4; lastKnownFileType = sourcecode.c.objc; path = PeopleDetailThingTableViewCell.m; sourceTree = "<group>"; };
		35B595551E1BCEE20013B366 /* ThingModel.h */ = {isa = PBXFileReference; fileEncoding = 4; lastKnownFileType = sourcecode.c.h; path = ThingModel.h; sourceTree = "<group>"; };
		35B595561E1BCEE20013B366 /* ThingModel.m */ = {isa = PBXFileReference; fileEncoding = 4; lastKnownFileType = sourcecode.c.objc; path = ThingModel.m; sourceTree = "<group>"; };
		38B5F052C9FB9A612DC8CBB5 /* Pods-To.release.xcconfig */ = {isa = PBXFileReference; includeInIndex = 1; lastKnownFileType = text.xcconfig; name = "Pods-To.release.xcconfig"; path = "Pods/Target Support Files/Pods-To/Pods-To.release.xcconfig"; sourceTree = "<group>"; };
		8BE10E152DAB51DF8A88BFE6 /* Pods_To.framework */ = {isa = PBXFileReference; explicitFileType = wrapper.framework; includeInIndex = 0; path = Pods_To.framework; sourceTree = BUILT_PRODUCTS_DIR; };
		9D8F601A3EC5A6AFB0E3D008 /* Pods-To.debug.xcconfig */ = {isa = PBXFileReference; includeInIndex = 1; lastKnownFileType = text.xcconfig; name = "Pods-To.debug.xcconfig"; path = "Pods/Target Support Files/Pods-To/Pods-To.debug.xcconfig"; sourceTree = "<group>"; };
/* End PBXFileReference section */

/* Begin PBXFrameworksBuildPhase section */
		35A89CDE1E13B92100E2410A /* Frameworks */ = {
			isa = PBXFrameworksBuildPhase;
			buildActionMask = 2147483647;
			files = (
				3572B1D71E15037C00521111 /* CoreData.framework in Frameworks */,
				386BC0B1104AF437AB282375 /* Pods_To.framework in Frameworks */,
			);
			runOnlyForDeploymentPostprocessing = 0;
		};
/* End PBXFrameworksBuildPhase section */

/* Begin PBXGroup section */
		164CEEC1BB4D4F25D9C3F6F3 /* Pods */ = {
			isa = PBXGroup;
			children = (
				9D8F601A3EC5A6AFB0E3D008 /* Pods-To.debug.xcconfig */,
				38B5F052C9FB9A612DC8CBB5 /* Pods-To.release.xcconfig */,
			);
			name = Pods;
			sourceTree = "<group>";
		};
		3572B17B1E14A28B00521111 /* Class */ = {
			isa = PBXGroup;
			children = (
				3572B1C91E14FEFB00521111 /* CoreData */,
				3572B1BC1E14DBEA00521111 /* 公共 */,
				3572B1931E14A2FF00521111 /* 侧滑 */,
				3572B17C1E14A28B00521111 /* Other */,
				3572B1861E14A28B00521111 /* 人物 */,
				3572B18A1E14A28B00521111 /* 今天事件 */,
			);
			path = Class;
			sourceTree = "<group>";
		};
		3572B17C1E14A28B00521111 /* Other */ = {
			isa = PBXGroup;
			children = (
				357915711E16535C005C0F0A /* 苹方 细体.ttf */,
				357915701E165228005C0F0A /* PingFang-SC-UltraLight.ttf */,
				3572B17D1E14A28B00521111 /* AppDelegate.h */,
				3572B17E1E14A28B00521111 /* AppDelegate.m */,
				3572B17F1E14A28B00521111 /* Assets.xcassets */,
				3572B1801E14A28B00521111 /* LaunchScreen.storyboard */,
			);
			path = Other;
			sourceTree = "<group>";
		};
		3572B1861E14A28B00521111 /* 人物 */ = {
			isa = PBXGroup;
			children = (
				3579155F1E164569005C0F0A /* 人物详情 */,
				3579154B1E163C8A005C0F0A /* 联系人列表 */,
				357915551E163C8A005C0F0A /* 增加联系人 */,
			);
			path = "人物";
			sourceTree = "<group>";
		};
		3572B18A1E14A28B00521111 /* 今天事件 */ = {
			isa = PBXGroup;
			children = (
				3572B18B1E14A28B00521111 /* Controller */,
				3572B18C1E14A28B00521111 /* Model */,
				3572B18D1E14A28B00521111 /* View */,
			);
			path = "今天事件";
			sourceTree = "<group>";
		};
		3572B18B1E14A28B00521111 /* Controller */ = {
			isa = PBXGroup;
			children = (
				3572B19D1E14A34900521111 /* TodayViewController.h */,
				3572B19E1E14A34900521111 /* TodayViewController.m */,
			);
			path = Controller;
			sourceTree = "<group>";
		};
		3572B18C1E14A28B00521111 /* Model */ = {
			isa = PBXGroup;
			children = (
			);
			path = Model;
			sourceTree = "<group>";
		};
		3572B18D1E14A28B00521111 /* View */ = {
			isa = PBXGroup;
			children = (
			);
			path = View;
			sourceTree = "<group>";
		};
		3572B1931E14A2FF00521111 /* 侧滑 */ = {
			isa = PBXGroup;
			children = (
				3572B1AC1E14B15700521111 /* 第三方 */,
				3572B1A51E14B14C00521111 /* 左边控制器 */,
			);
			path = "侧滑";
			sourceTree = "<group>";
		};
		3572B1A51E14B14C00521111 /* 左边控制器 */ = {
			isa = PBXGroup;
			children = (
				3572B1A61E14B14C00521111 /* Controller */,
				3572B1A91E14B14C00521111 /* Mode */,
				3572B1AA1E14B14C00521111 /* View */,
			);
			path = "左边控制器";
			sourceTree = "<group>";
		};
		3572B1A61E14B14C00521111 /* Controller */ = {
			isa = PBXGroup;
			children = (
				3572B1A71E14B14C00521111 /* LeftViewController.h */,
				3572B1A81E14B14C00521111 /* LeftViewController.m */,
			);
			path = Controller;
			sourceTree = "<group>";
		};
		3572B1A91E14B14C00521111 /* Mode */ = {
			isa = PBXGroup;
			children = (
			);
			path = Mode;
			sourceTree = "<group>";
		};
		3572B1AA1E14B14C00521111 /* View */ = {
			isa = PBXGroup;
			children = (
				3572B1B31E14B1D900521111 /* LeftTableViewCell.h */,
				3572B1B41E14B1D900521111 /* LeftTableViewCell.m */,
				3572B1B61E14BE9F00521111 /* LeftHeadView.h */,
				3572B1B71E14BE9F00521111 /* LeftHeadView.m */,
			);
			path = View;
			sourceTree = "<group>";
		};
		3572B1AC1E14B15700521111 /* 第三方 */ = {
			isa = PBXGroup;
			children = (
				3572B1AD1E14B15700521111 /* JASidePanelController.h */,
				3572B1AE1E14B15700521111 /* JASidePanelController.m */,
				3572B1AF1E14B15700521111 /* UIViewController+JASidePanel.h */,
				3572B1B01E14B15700521111 /* UIViewController+JASidePanel.m */,
				3572B1B91E14DAE500521111 /* SidePanelViewController.h */,
				3572B1BA1E14DAE500521111 /* SidePanelViewController.m */,
			);
			path = "第三方";
			sourceTree = "<group>";
		};
		3572B1BC1E14DBEA00521111 /* 公共 */ = {
			isa = PBXGroup;
			children = (
				3572B1BD1E14DBFD00521111 /* YYFPSLabel.h */,
				3572B1BE1E14DBFD00521111 /* YYFPSLabel.m */,
				3572B1BF1E14DBFD00521111 /* YYWeakProxy.h */,
				3572B1C01E14DBFD00521111 /* YYWeakProxy.m */,
				3572B1C31E14DC8400521111 /* ToNavigationController.h */,
				3572B1C41E14DC8400521111 /* ToNavigationController.m */,
				3572B1C61E14DEDD00521111 /* UIColor+Hex.h */,
				3572B1C71E14DEDD00521111 /* UIColor+Hex.m */,
			);
			path = "公共";
			sourceTree = "<group>";
		};
		3572B1C91E14FEFB00521111 /* CoreData */ = {
			isa = PBXGroup;
			children = (
				3572B1CD1E15015300521111 /* UserModel.h */,
				3572B1CE1E15015300521111 /* UserModel.m */,
				3572B1D01E15017300521111 /* TitleModel.h */,
				3572B1D11E15017300521111 /* TitleModel.m */,
				3572B1D31E1501A700521111 /* EventModel.h */,
				3572B1D41E1501A700521111 /* EventModel.m */,
				3572B1DB1E15087700521111 /* Model.xcdatamodeld */,
				3572B1EA1E1514D000521111 /* UserGroup.h */,
				3572B1EB1E1514D000521111 /* UserGroup.m */,
				3572B1ED1E15153600521111 /* UserManager.h */,
				3572B1EE1E15153600521111 /* UserManager.m */,
				35B595491E1BAD100013B366 /* TagModel.h */,
				35B5954A1E1BAD100013B366 /* TagModel.m */,
				35B595551E1BCEE20013B366 /* ThingModel.h */,
				35B595561E1BCEE20013B366 /* ThingModel.m */,
			);
			path = CoreData;
			sourceTree = "<group>";
		};
		3579154B1E163C8A005C0F0A /* 联系人列表 */ = {
			isa = PBXGroup;
			children = (
				3579154C1E163C8A005C0F0A /* Controller */,
				3579154F1E163C8A005C0F0A /* Model */,
				357915521E163C8A005C0F0A /* View */,
			);
			path = "联系人列表";
			sourceTree = "<group>";
		};
		3579154C1E163C8A005C0F0A /* Controller */ = {
			isa = PBXGroup;
			children = (
				3579154D1E163C8A005C0F0A /* PeopleListViewController.h */,
				3579154E1E163C8A005C0F0A /* PeopleListViewController.m */,
			);
			path = Controller;
			sourceTree = "<group>";
		};
		3579154F1E163C8A005C0F0A /* Model */ = {
			isa = PBXGroup;
			children = (
				357915501E163C8A005C0F0A /* PeopleListDatamanager.h */,
				357915511E163C8A005C0F0A /* PeopleListDatamanager.m */,
			);
			path = Model;
			sourceTree = "<group>";
		};
		357915521E163C8A005C0F0A /* View */ = {
			isa = PBXGroup;
			children = (
				357915531E163C8A005C0F0A /* PeopleListTableViewCell.h */,
				357915541E163C8A005C0F0A /* PeopleListTableViewCell.m */,
			);
			path = View;
			sourceTree = "<group>";
		};
		357915551E163C8A005C0F0A /* 增加联系人 */ = {
			isa = PBXGroup;
			children = (
				357915561E163C8A005C0F0A /* Controller */,
				357915571E163C8A005C0F0A /* Model */,
				357915581E163C8A005C0F0A /* View */,
			);
			path = "增加联系人";
			sourceTree = "<group>";
		};
		357915561E163C8A005C0F0A /* Controller */ = {
			isa = PBXGroup;
			children = (
				3579155C1E163CA5005C0F0A /* PeopleAddViewController.h */,
				3579155D1E163CA5005C0F0A /* PeopleAddViewController.m */,
			);
			path = Controller;
			sourceTree = "<group>";
		};
		357915571E163C8A005C0F0A /* Model */ = {
			isa = PBXGroup;
			children = (
			);
			path = Model;
			sourceTree = "<group>";
		};
		357915581E163C8A005C0F0A /* View */ = {
			isa = PBXGroup;
			children = (
			);
			path = View;
			sourceTree = "<group>";
		};
		3579155F1E164569005C0F0A /* 人物详情 */ = {
			isa = PBXGroup;
			children = (
				357915601E164569005C0F0A /* Controller */,
				357915611E164569005C0F0A /* Model */,
				357915621E164569005C0F0A /* View */,
			);
			path = "人物详情";
			sourceTree = "<group>";
		};
		357915601E164569005C0F0A /* Controller */ = {
			isa = PBXGroup;
			children = (
				357915631E16457E005C0F0A /* PeopleDetailController.h */,
				357915641E16457E005C0F0A /* PeopleDetailController.m */,
			);
			path = Controller;
			sourceTree = "<group>";
		};
		357915611E164569005C0F0A /* Model */ = {
			isa = PBXGroup;
			children = (
				357915691E1647B3005C0F0A /* PeopleDetailDataManager.h */,
				3579156A1E1647B3005C0F0A /* PeopleDetailDataManager.m */,
				3579156C1E1648C2005C0F0A /* PeopleDetailInfoModel.h */,
				3579156D1E1648C2005C0F0A /* PeopleDetailInfoModel.m */,
				35B5954C1E1BC0480013B366 /* PeopleDetailTagManager.h */,
				35B5954D1E1BC0480013B366 /* PeopleDetailTagManager.m */,
				359BE1141E1CD67700CFCA55 /* PeopleDetailThingManager.h */,
				359BE1151E1CD67700CFCA55 /* PeopleDetailThingManager.m */,
			);
			path = Model;
			sourceTree = "<group>";
		};
		357915621E164569005C0F0A /* View */ = {
			isa = PBXGroup;
			children = (
				357915661E164703005C0F0A /* PeopleDetailNormalTableViewCell.h */,
				357915671E164703005C0F0A /* PeopleDetailNormalTableViewCell.m */,
				357915721E1657B4005C0F0A /* PeopleDetailSectionView.h */,
				357915731E1657B4005C0F0A /* PeopleDetailSectionView.m */,
				357915751E166012005C0F0A /* PeopleDetailHeadView.h */,
				357915761E166012005C0F0A /* PeopleDetailHeadView.m */,
				350FDED31E1B702D003A484A /* PeopleDetailNormalEditTableViewCell.h */,
				350FDED41E1B702D003A484A /* PeopleDetailNormalEditTableViewCell.m */,
				35B5954F1E1BC5480013B366 /* PeopleDetailTagCell.h */,
				35B595501E1BC5480013B366 /* PeopleDetailTagCell.m */,
				35B595521E1BCDB20013B366 /* PeopleDetailThingTableViewCell.h */,
				35B595531E1BCDB20013B366 /* PeopleDetailThingTableViewCell.m */,
			);
			path = View;
			sourceTree = "<group>";
		};
		35A89CD81E13B92100E2410A = {
			isa = PBXGroup;
			children = (
				35A89CE31E13B92100E2410A /* To */,
				35A89CE21E13B92100E2410A /* Products */,
				164CEEC1BB4D4F25D9C3F6F3 /* Pods */,
				7F13334A94BE81FBEAC1AF5B /* Frameworks */,
			);
			sourceTree = "<group>";
		};
		35A89CE21E13B92100E2410A /* Products */ = {
			isa = PBXGroup;
			children = (
				35A89CE11E13B92100E2410A /* To.app */,
			);
			name = Products;
			sourceTree = "<group>";
		};
		35A89CE31E13B92100E2410A /* To */ = {
			isa = PBXGroup;
			children = (
				3572B17B1E14A28B00521111 /* Class */,
				35A89CE41E13B92100E2410A /* Supporting Files */,
			);
			path = To;
			sourceTree = "<group>";
		};
		35A89CE41E13B92100E2410A /* Supporting Files */ = {
			isa = PBXGroup;
			children = (
				35A89CF51E13B92100E2410A /* Info.plist */,
				35A89CE51E13B92100E2410A /* main.m */,
			);
			name = "Supporting Files";
			sourceTree = "<group>";
		};
		7F13334A94BE81FBEAC1AF5B /* Frameworks */ = {
			isa = PBXGroup;
			children = (
				3572B1D61E15037C00521111 /* CoreData.framework */,
				3572B1A31E14B05200521111 /* Photos.framework */,
				8BE10E152DAB51DF8A88BFE6 /* Pods_To.framework */,
			);
			name = Frameworks;
			sourceTree = "<group>";
		};
/* End PBXGroup section */

/* Begin PBXNativeTarget section */
		35A89CE01E13B92100E2410A /* To */ = {
			isa = PBXNativeTarget;
			buildConfigurationList = 35A89CF81E13B92100E2410A /* Build configuration list for PBXNativeTarget "To" */;
			buildPhases = (
				A385A542B178757AE1F55F6F /* [CP] Check Pods Manifest.lock */,
				35A89CDD1E13B92100E2410A /* Sources */,
				35A89CDE1E13B92100E2410A /* Frameworks */,
				35A89CDF1E13B92100E2410A /* Resources */,
				02AF7DB94D4E0B709C6AA63F /* [CP] Embed Pods Frameworks */,
				8109D942A7F580D218DBD6AE /* [CP] Copy Pods Resources */,
			);
			buildRules = (
			);
			dependencies = (
			);
			name = To;
			productName = To;
			productReference = 35A89CE11E13B92100E2410A /* To.app */;
			productType = "com.apple.product-type.application";
		};
/* End PBXNativeTarget section */

/* Begin PBXProject section */
		35A89CD91E13B92100E2410A /* Project object */ = {
			isa = PBXProject;
			attributes = {
				LastUpgradeCheck = 0810;
				ORGANIZATIONNAME = duoyi;
				TargetAttributes = {
					35A89CE01E13B92100E2410A = {
						CreatedOnToolsVersion = 8.1;
						DevelopmentTeam = K786QX52SJ;
						ProvisioningStyle = Automatic;
					};
				};
			};
			buildConfigurationList = 35A89CDC1E13B92100E2410A /* Build configuration list for PBXProject "To" */;
			compatibilityVersion = "Xcode 3.2";
			developmentRegion = English;
			hasScannedForEncodings = 0;
			knownRegions = (
				en,
				Base,
			);
			mainGroup = 35A89CD81E13B92100E2410A;
			productRefGroup = 35A89CE21E13B92100E2410A /* Products */;
			projectDirPath = "";
			projectRoot = "";
			targets = (
				35A89CE01E13B92100E2410A /* To */,
			);
		};
/* End PBXProject section */

/* Begin PBXResourcesBuildPhase section */
		35A89CDF1E13B92100E2410A /* Resources */ = {
			isa = PBXResourcesBuildPhase;
			buildActionMask = 2147483647;
			files = (
				3572B1901E14A28B00521111 /* LaunchScreen.storyboard in Resources */,
				3572B18F1E14A28B00521111 /* Assets.xcassets in Resources */,
			);
			runOnlyForDeploymentPostprocessing = 0;
		};
/* End PBXResourcesBuildPhase section */

/* Begin PBXShellScriptBuildPhase section */
		02AF7DB94D4E0B709C6AA63F /* [CP] Embed Pods Frameworks */ = {
			isa = PBXShellScriptBuildPhase;
			buildActionMask = 2147483647;
			files = (
			);
			inputPaths = (
			);
			name = "[CP] Embed Pods Frameworks";
			outputPaths = (
			);
			runOnlyForDeploymentPostprocessing = 0;
			shellPath = /bin/sh;
			shellScript = "\"${SRCROOT}/Pods/Target Support Files/Pods-To/Pods-To-frameworks.sh\"\n";
			showEnvVarsInLog = 0;
		};
		8109D942A7F580D218DBD6AE /* [CP] Copy Pods Resources */ = {
			isa = PBXShellScriptBuildPhase;
			buildActionMask = 2147483647;
			files = (
			);
			inputPaths = (
			);
			name = "[CP] Copy Pods Resources";
			outputPaths = (
			);
			runOnlyForDeploymentPostprocessing = 0;
			shellPath = /bin/sh;
			shellScript = "\"${SRCROOT}/Pods/Target Support Files/Pods-To/Pods-To-resources.sh\"\n";
			showEnvVarsInLog = 0;
		};
		A385A542B178757AE1F55F6F /* [CP] Check Pods Manifest.lock */ = {
			isa = PBXShellScriptBuildPhase;
			buildActionMask = 2147483647;
			files = (
			);
			inputPaths = (
			);
			name = "[CP] Check Pods Manifest.lock";
			outputPaths = (
			);
			runOnlyForDeploymentPostprocessing = 0;
			shellPath = /bin/sh;
			shellScript = "diff \"${PODS_ROOT}/../Podfile.lock\" \"${PODS_ROOT}/Manifest.lock\" > /dev/null\nif [ $? != 0 ] ; then\n    # print error to STDERR\n    echo \"error: The sandbox is not in sync with the Podfile.lock. Run 'pod install' or update your CocoaPods installation.\" >&2\n    exit 1\nfi\n";
			showEnvVarsInLog = 0;
		};
/* End PBXShellScriptBuildPhase section */

/* Begin PBXSourcesBuildPhase section */
		35A89CDD1E13B92100E2410A /* Sources */ = {
			isa = PBXSourcesBuildPhase;
			buildActionMask = 2147483647;
			files = (
				35B595571E1BCEE20013B366 /* ThingModel.m in Sources */,
				3572B19F1E14A34900521111 /* TodayViewController.m in Sources */,
				3572B1B81E14BE9F00521111 /* LeftHeadView.m in Sources */,
				35B5954E1E1BC0480013B366 /* PeopleDetailTagManager.m in Sources */,
				3572B1AB1E14B14C00521111 /* LeftViewController.m in Sources */,
				3572B1EF1E15153600521111 /* UserManager.m in Sources */,
				357915741E1657B4005C0F0A /* PeopleDetailSectionView.m in Sources */,
				35B595511E1BC5480013B366 /* PeopleDetailTagCell.m in Sources */,
				3579156E1E1648C2005C0F0A /* PeopleDetailInfoModel.m in Sources */,
				3572B1C11E14DBFD00521111 /* YYFPSLabel.m in Sources */,
				3572B1B11E14B15700521111 /* JASidePanelController.m in Sources */,
				3579155B1E163C8A005C0F0A /* PeopleListTableViewCell.m in Sources */,
				3579155E1E163CA5005C0F0A /* PeopleAddViewController.m in Sources */,
				35B595541E1BCDB20013B366 /* PeopleDetailThingTableViewCell.m in Sources */,
				3572B1DD1E15087700521111 /* Model.xcdatamodeld in Sources */,
				3579155A1E163C8A005C0F0A /* PeopleListDatamanager.m in Sources */,
				3572B1BB1E14DAE500521111 /* SidePanelViewController.m in Sources */,
				3572B18E1E14A28B00521111 /* AppDelegate.m in Sources */,
				3572B1B51E14B1D900521111 /* LeftTableViewCell.m in Sources */,
				3572B1C21E14DBFD00521111 /* YYWeakProxy.m in Sources */,
				35A89CE61E13B92100E2410A /* main.m in Sources */,
				3572B1D21E15017300521111 /* TitleModel.m in Sources */,
				357915771E166012005C0F0A /* PeopleDetailHeadView.m in Sources */,
				357915591E163C8A005C0F0A /* PeopleListViewController.m in Sources */,
				350FDED51E1B702D003A484A /* PeopleDetailNormalEditTableViewCell.m in Sources */,
				3579156B1E1647B3005C0F0A /* PeopleDetailDataManager.m in Sources */,
				3572B1EC1E1514D000521111 /* UserGroup.m in Sources */,
				3572B1CF1E15015300521111 /* UserModel.m in Sources */,
				3572B1C81E14DEDD00521111 /* UIColor+Hex.m in Sources */,
				3572B1D51E1501A700521111 /* EventModel.m in Sources */,
				3572B1B21E14B15700521111 /* UIViewController+JASidePanel.m in Sources */,
				3572B1C51E14DC8400521111 /* ToNavigationController.m in Sources */,
				357915651E16457E005C0F0A /* PeopleDetailController.m in Sources */,
				357915681E164703005C0F0A /* PeopleDetailNormalTableViewCell.m in Sources */,
				359BE1161E1CD67700CFCA55 /* PeopleDetailThingManager.m in Sources */,
				35B5954B1E1BAD100013B366 /* TagModel.m in Sources */,
			);
			runOnlyForDeploymentPostprocessing = 0;
		};
/* End PBXSourcesBuildPhase section */

/* Begin PBXVariantGroup section */
		3572B1801E14A28B00521111 /* LaunchScreen.storyboard */ = {
			isa = PBXVariantGroup;
			children = (
				3572B1811E14A28B00521111 /* Base */,
			);
			name = LaunchScreen.storyboard;
			sourceTree = "<group>";
		};
/* End PBXVariantGroup section */

/* Begin XCBuildConfiguration section */
		35A89CF61E13B92100E2410A /* Debug */ = {
			isa = XCBuildConfiguration;
			buildSettings = {
				ALWAYS_SEARCH_USER_PATHS = NO;
				CLANG_ANALYZER_NONNULL = YES;
				CLANG_CXX_LANGUAGE_STANDARD = "gnu++0x";
				CLANG_CXX_LIBRARY = "libc++";
				CLANG_ENABLE_MODULES = YES;
				CLANG_ENABLE_OBJC_ARC = YES;
				CLANG_WARN_BOOL_CONVERSION = YES;
				CLANG_WARN_CONSTANT_CONVERSION = YES;
				CLANG_WARN_DIRECT_OBJC_ISA_USAGE = YES_ERROR;
				CLANG_WARN_DOCUMENTATION_COMMENTS = YES;
				CLANG_WARN_EMPTY_BODY = YES;
				CLANG_WARN_ENUM_CONVERSION = YES;
				CLANG_WARN_INFINITE_RECURSION = YES;
				CLANG_WARN_INT_CONVERSION = YES;
				CLANG_WARN_OBJC_ROOT_CLASS = YES_ERROR;
				CLANG_WARN_SUSPICIOUS_MOVE = YES;
				CLANG_WARN_SUSPICIOUS_MOVES = YES;
				CLANG_WARN_UNREACHABLE_CODE = YES;
				CLANG_WARN__DUPLICATE_METHOD_MATCH = YES;
				"CODE_SIGN_IDENTITY[sdk=iphoneos*]" = "iPhone Developer";
				COPY_PHASE_STRIP = NO;
				DEBUG_INFORMATION_FORMAT = dwarf;
				ENABLE_STRICT_OBJC_MSGSEND = YES;
				ENABLE_TESTABILITY = YES;
				GCC_C_LANGUAGE_STANDARD = gnu99;
				GCC_DYNAMIC_NO_PIC = NO;
				GCC_NO_COMMON_BLOCKS = YES;
				GCC_OPTIMIZATION_LEVEL = 0;
				GCC_PREPROCESSOR_DEFINITIONS = (
					"DEBUG=1",
					"$(inherited)",
				);
				GCC_WARN_64_TO_32_BIT_CONVERSION = YES;
				GCC_WARN_ABOUT_RETURN_TYPE = YES_ERROR;
				GCC_WARN_UNDECLARED_SELECTOR = YES;
				GCC_WARN_UNINITIALIZED_AUTOS = YES_AGGRESSIVE;
				GCC_WARN_UNUSED_FUNCTION = YES;
				GCC_WARN_UNUSED_VARIABLE = YES;
				IPHONEOS_DEPLOYMENT_TARGET = 10.1;
				MTL_ENABLE_DEBUG_INFO = YES;
				ONLY_ACTIVE_ARCH = YES;
				SDKROOT = iphoneos;
			};
			name = Debug;
		};
		35A89CF71E13B92100E2410A /* Release */ = {
			isa = XCBuildConfiguration;
			buildSettings = {
				ALWAYS_SEARCH_USER_PATHS = NO;
				CLANG_ANALYZER_NONNULL = YES;
				CLANG_CXX_LANGUAGE_STANDARD = "gnu++0x";
				CLANG_CXX_LIBRARY = "libc++";
				CLANG_ENABLE_MODULES = YES;
				CLANG_ENABLE_OBJC_ARC = YES;
				CLANG_WARN_BOOL_CONVERSION = YES;
				CLANG_WARN_CONSTANT_CONVERSION = YES;
				CLANG_WARN_DIRECT_OBJC_ISA_USAGE = YES_ERROR;
				CLANG_WARN_DOCUMENTATION_COMMENTS = YES;
				CLANG_WARN_EMPTY_BODY = YES;
				CLANG_WARN_ENUM_CONVERSION = YES;
				CLANG_WARN_INFINITE_RECURSION = YES;
				CLANG_WARN_INT_CONVERSION = YES;
				CLANG_WARN_OBJC_ROOT_CLASS = YES_ERROR;
				CLANG_WARN_SUSPICIOUS_MOVE = YES;
				CLANG_WARN_SUSPICIOUS_MOVES = YES;
				CLANG_WARN_UNREACHABLE_CODE = YES;
				CLANG_WARN__DUPLICATE_METHOD_MATCH = YES;
				"CODE_SIGN_IDENTITY[sdk=iphoneos*]" = "iPhone Developer";
				COPY_PHASE_STRIP = NO;
				DEBUG_INFORMATION_FORMAT = "dwarf-with-dsym";
				ENABLE_NS_ASSERTIONS = NO;
				ENABLE_STRICT_OBJC_MSGSEND = YES;
				GCC_C_LANGUAGE_STANDARD = gnu99;
				GCC_NO_COMMON_BLOCKS = YES;
				GCC_WARN_64_TO_32_BIT_CONVERSION = YES;
				GCC_WARN_ABOUT_RETURN_TYPE = YES_ERROR;
				GCC_WARN_UNDECLARED_SELECTOR = YES;
				GCC_WARN_UNINITIALIZED_AUTOS = YES_AGGRESSIVE;
				GCC_WARN_UNUSED_FUNCTION = YES;
				GCC_WARN_UNUSED_VARIABLE = YES;
				IPHONEOS_DEPLOYMENT_TARGET = 10.1;
				MTL_ENABLE_DEBUG_INFO = NO;
				SDKROOT = iphoneos;
				VALIDATE_PRODUCT = YES;
			};
			name = Release;
		};
		35A89CF91E13B92100E2410A /* Debug */ = {
			isa = XCBuildConfiguration;
			baseConfigurationReference = 9D8F601A3EC5A6AFB0E3D008 /* Pods-To.debug.xcconfig */;
			buildSettings = {
				ASSETCATALOG_COMPILER_APPICON_NAME = AppIcon;
				DEVELOPMENT_TEAM = K786QX52SJ;
				INFOPLIST_FILE = To/Info.plist;
				IPHONEOS_DEPLOYMENT_TARGET = 8.0;
				LD_RUNPATH_SEARCH_PATHS = "$(inherited) @executable_path/Frameworks";
				PRODUCT_BUNDLE_IDENTIFIER = com.tianlan.To;
				PRODUCT_NAME = "$(TARGET_NAME)";
			};
			name = Debug;
		};
		35A89CFA1E13B92100E2410A /* Release */ = {
			isa = XCBuildConfiguration;
			baseConfigurationReference = 38B5F052C9FB9A612DC8CBB5 /* Pods-To.release.xcconfig */;
			buildSettings = {
				ASSETCATALOG_COMPILER_APPICON_NAME = AppIcon;
				DEVELOPMENT_TEAM = K786QX52SJ;
				INFOPLIST_FILE = To/Info.plist;
				IPHONEOS_DEPLOYMENT_TARGET = 8.0;
				LD_RUNPATH_SEARCH_PATHS = "$(inherited) @executable_path/Frameworks";
				PRODUCT_BUNDLE_IDENTIFIER = com.tianlan.To;
				PRODUCT_NAME = "$(TARGET_NAME)";
			};
			name = Release;
		};
/* End XCBuildConfiguration section */

/* Begin XCConfigurationList section */
		35A89CDC1E13B92100E2410A /* Build configuration list for PBXProject "To" */ = {
			isa = XCConfigurationList;
			buildConfigurations = (
				35A89CF61E13B92100E2410A /* Debug */,
				35A89CF71E13B92100E2410A /* Release */,
			);
			defaultConfigurationIsVisible = 0;
			defaultConfigurationName = Release;
		};
		35A89CF81E13B92100E2410A /* Build configuration list for PBXNativeTarget "To" */ = {
			isa = XCConfigurationList;
			buildConfigurations = (
				35A89CF91E13B92100E2410A /* Debug */,
				35A89CFA1E13B92100E2410A /* Release */,
			);
			defaultConfigurationIsVisible = 0;
			defaultConfigurationName = Release;
		};
/* End XCConfigurationList section */

/* Begin XCVersionGroup section */
		3572B1DB1E15087700521111 /* Model.xcdatamodeld */ = {
			isa = XCVersionGroup;
			children = (
				3572B1DC1E15087700521111 /* Model.xcdatamodel */,
			);
			currentVersion = 3572B1DC1E15087700521111 /* Model.xcdatamodel */;
			path = Model.xcdatamodeld;
			sourceTree = "<group>";
			versionGroupType = wrapper.xcdatamodel;
		};
/* End XCVersionGroup section */
	};
	rootObject = 35A89CD91E13B92100E2410A /* Project object */;
}
